# THIS IS AN AUTOGENERATED FILE. DO NOT EDIT THIS FILE DIRECTLY.
# yarn lockfile v1


base-x@^3.0.2:
  version "3.0.4"
  resolved "https://registry.yarnpkg.com/base-x/-/base-x-3.0.4.tgz#94c1788736da065edb1d68808869e357c977fa77"
  dependencies:
    safe-buffer "^5.0.1"

bs58@4.0.1:
  version "4.0.1"
  resolved "https://registry.yarnpkg.com/bs58/-/bs58-4.0.1.tgz#be161e76c354f6f788ae4071f63f34e8c4f0a42a"
  dependencies:
    base-x "^3.0.2"

chloride-test@^1.1.0:
  version "1.2.2"
  resolved "https://registry.yarnpkg.com/chloride-test/-/chloride-test-1.2.2.tgz#178686a85e9278045112e96e8c791793f9a10aea"
  dependencies:
    json-buffer "^2.0.11"

chloride@2.2.9:
  version "2.2.9"
  resolved "https://registry.yarnpkg.com/chloride/-/chloride-2.2.9.tgz#f469ed1fb1acb9195b567d900dc9bb6d205df08e"
  dependencies:
    is-electron "^2.0.0"
    sodium-browserify "^1.2.4"
    sodium-browserify-tweetnacl "^0.2.2"
    sodium-chloride "^1.1.0"
  optionalDependencies:
    sodium-native "^2.0.0"

ed2curve@^0.1.4:
  version "0.1.4"
  resolved "https://registry.yarnpkg.com/ed2curve/-/ed2curve-0.1.4.tgz#94a44248bb87da35db0eff7af0aa576168117f59"
  dependencies:
    tweetnacl "0.x.x"

inherits@^2.0.1:
  version "2.0.3"
  resolved "https://registry.yarnpkg.com/inherits/-/inherits-2.0.3.tgz#633c2c83e3da42a502f52466022480f4208261de"

ini@^1.3.5:
  version "1.3.5"
  resolved "https://registry.yarnpkg.com/ini/-/ini-1.3.5.tgz#eee25f56db1c9ec6085e0c22778083f596abf927"

is-electron@^2.0.0:
  version "2.1.0"
  resolved "https://registry.yarnpkg.com/is-electron/-/is-electron-2.1.0.tgz#37dd2e9e7167efa8bafce86c0c25762bc4b851fa"

json-buffer@^2.0.11:
  version "2.0.11"
  resolved "https://registry.yarnpkg.com/json-buffer/-/json-buffer-2.0.11.tgz#3e441fda3098be8d1e3171ad591bc62a33e2d55f"

libsodium-wrappers@^0.7.3:
  version "0.7.3"
  resolved "https://registry.yarnpkg.com/libsodium-wrappers/-/libsodium-wrappers-0.7.3.tgz#b7e6326a5c42eb269540e360ce9c2600eb90c75c"
  dependencies:
    libsodium "0.7.3"

libsodium@0.7.3:
  version "0.7.3"
  resolved "https://registry.yarnpkg.com/libsodium/-/libsodium-0.7.3.tgz#35faf57293ba5485049d5072d0e96feda12f1f35"

nan@^2.4.0:
  version "2.10.0"
  resolved "https://registry.yarnpkg.com/nan/-/nan-2.10.0.tgz#96d0cd610ebd58d4b4de9cc0c6828cda99c7548f"

node-forge@0.7.5:
  version "0.7.5"
  resolved "https://registry.yarnpkg.com/node-forge/-/node-forge-0.7.5.tgz#6c152c345ce11c52f465c2abd957e8639cd674df"

node-gyp-build@^3.0.0:
  version "3.3.0"
  resolved "https://registry.yarnpkg.com/node-gyp-build/-/node-gyp-build-3.3.0.tgz#df755c8dba1120c7c5e3179bbfd4203aa495e9a3"

safe-buffer@^5.0.1:
  version "5.1.2"
  resolved "https://registry.yarnpkg.com/safe-buffer/-/safe-buffer-5.1.2.tgz#991ec69d296e0313747d59bdfd2b745c35f8828d"

sha.js@2.4.5:
  version "2.4.5"
  resolved "https://registry.yarnpkg.com/sha.js/-/sha.js-2.4.5.tgz#27d171efcc82a118b99639ff581660242b506e7c"
  dependencies:
    inherits "^2.0.1"

sha.js@^2.4.8:
  version "2.4.11"
  resolved "https://registry.yarnpkg.com/sha.js/-/sha.js-2.4.11.tgz#37a5cf0b81ecbc6943de109ba2960d1b26584ae7"
  dependencies:
    inherits "^2.0.1"
    safe-buffer "^5.0.1"

sodium-browserify-tweetnacl@^0.2.2, sodium-browserify-tweetnacl@^0.2.3:
  version "0.2.3"
  resolved "https://registry.yarnpkg.com/sodium-browserify-tweetnacl/-/sodium-browserify-tweetnacl-0.2.3.tgz#b5537ffcbb9f74ebc443b8b6a211b291e8fcbc8e"
  dependencies:
    chloride-test "^1.1.0"
    ed2curve "^0.1.4"
    sha.js "^2.4.8"
    tweetnacl "^0.14.1"
    tweetnacl-auth "^0.3.0"

sodium-browserify@^1.2.4:
  version "1.2.4"
  resolved "https://registry.yarnpkg.com/sodium-browserify/-/sodium-browserify-1.2.4.tgz#ae2b8274a2a9fc9f322a6077b73a73f55ed0b00b"
  dependencies:
    libsodium-wrappers "^0.7.3"
    sha.js "2.4.5"
    sodium-browserify-tweetnacl "^0.2.3"
    tweetnacl "^0.14.1"

sodium-chloride@^1.1.0:
  version "1.1.0"
  resolved "https://registry.yarnpkg.com/sodium-chloride/-/sodium-chloride-1.1.0.tgz#247a234b88867f6dff51332b605f193a65bf6839"

sodium-native@^2.0.0:
  version "2.1.6"
  resolved "https://registry.yarnpkg.com/sodium-native/-/sodium-native-2.1.6.tgz#4c130a61fe4cddf029d14f6f61489a2efde49cad"
  dependencies:
    ini "^1.3.5"
    nan "^2.4.0"
    node-gyp-build "^3.0.0"

tweetnacl-auth@^0.3.0:
  version "0.3.1"
  resolved "https://registry.yarnpkg.com/tweetnacl-auth/-/tweetnacl-auth-0.3.1.tgz#b75bc2df15649bb84e8b9aa3c0669c6c4bce0d25"
  dependencies:
    tweetnacl "0.x.x"

tweetnacl@0.x.x, tweetnacl@^0.14.1:
  version "0.14.5"
  resolved "https://registry.yarnpkg.com/tweetnacl/-/tweetnacl-0.14.5.tgz#5ae68177f192d4456269d108afa93ff8743f4f64"
